{
  "name": "@infotechnohelp/cakephp-languages-client",
  "version": "1.0.0",
  "lockfileVersion": 1,
  "requires": true,
  "dependencies": {
    "@infotechnohelp/api-client": {
      "version": "1.0.1",
      "resolved": "https://registry.npmjs.org/@infotechnohelp/api-client/-/api-client-1.0.1.tgz",
      "integrity": "sha512-JVvMZ7ibzhckPAuacHa9v82svNVl1pVtIPGaNOgJ++Yuq4Y4SfTX0z7ggmyTQKGQdI3pLxPEALIV4UAE1veauw==",
      "requires": {
        "jquery": "3.3.1"
      }
    },
    "jquery": {
      "version": "3.3.1",
      "resolved": "https://registry.npmjs.org/jquery/-/jquery-3.3.1.tgz",
      "integrity": "sha512-Ubldcmxp5np52/ENotGxlLe6aGMvmF4R8S6tZjsP6Knsaxd/xp3Zrh50cG93lR6nPXyUFwzN3ZSOQI0wRJNdGg=="
    }
  }
}
